
Microsoft Visual Studio Solution File, Format Version 12.00
# Visual Studio Version 18
VisualStudioVersion = 18.3.11222.16 d18.3
MinimumVisualStudioVersion = 10.0.40219.1
Project("{FAE04EC0-301F-11D3-BF4B-00C04F79EFBC}") = "Airline.Domain", "Airline.Domain\Airline.Domain.csproj", "{81059FF9-0E13-4189-B255-6CEB31815BD4}"
EndProject
Project("{FAE04EC0-301F-11D3-BF4B-00C04F79EFBC}") = "Airline.Tests", "Airline.Tests\Airline.Tests.csproj", "{14A78519-7256-4F0B-9328-E19A13E406E4}"
EndProject
Project("{FAE04EC0-301F-11D3-BF4B-00C04F79EFBC}") = "Airline.Infrastructure", "Airline.Infrastructure\Airline.Infrastructure.csproj", "{419509E9-538D-45AB-ABC7-FFF6B27C1B9D}"
EndProject
Project("{FAE04EC0-301F-11D3-BF4B-00C04F79EFBC}") = "Airline.Dtos", "Airline.Dtos\Airline.Dtos.csproj", "{0D8FCBC5-7A37-4E74-81D8-ECDCAADD4B49}"
EndProject
Project("{FAE04EC0-301F-11D3-BF4B-00C04F79EFBC}") = "Airline.Api", "Airline.Api\Airline.Api.csproj", "{B28F7B55-272F-44D9-A033-6B88AD68E263}"
EndProject
Project("{FAE04EC0-301F-11D3-BF4B-00C04F79EFBC}") = "Airline.AppHost", "Airline.AppHost\Airline.AppHost.csproj", "{3BD41354-D1C9-4B36-9D29-DB1A95297573}"
EndProject
Project("{FAE04EC0-301F-11D3-BF4B-00C04F79EFBC}") = "Airline.ServiceDefaults", "Airline.ServiceDefaults\Airline.ServiceDefaults.csproj", "{2BA6BBCB-7758-4FEC-A28E-AC3ECF1973DF}"
EndProject
Project("{FAE04EC0-301F-11D3-BF4B-00C04F79EFBC}") = "Airline.Generator", "Airline.Generator\Airline.Generator.csproj", "{DB8E684D-EFB1-2069-B197-6E5C205D6362}"
EndProject
Global
	GlobalSection(SolutionConfigurationPlatforms) = preSolution
		Debug|Any CPU = Debug|Any CPU
		Release|Any CPU = Release|Any CPU
	EndGlobalSection
	GlobalSection(ProjectConfigurationPlatforms) = postSolution
		{81059FF9-0E13-4189-B255-6CEB31815BD4}.Debug|Any CPU.ActiveCfg = Debug|Any CPU
		{81059FF9-0E13-4189-B255-6CEB31815BD4}.Debug|Any CPU.Build.0 = Debug|Any CPU
		{81059FF9-0E13-4189-B255-6CEB31815BD4}.Release|Any CPU.ActiveCfg = Release|Any CPU
		{81059FF9-0E13-4189-B255-6CEB31815BD4}.Release|Any CPU.Build.0 = Release|Any CPU
		{14A78519-7256-4F0B-9328-E19A13E406E4}.Debug|Any CPU.ActiveCfg = Debug|Any CPU
		{14A78519-7256-4F0B-9328-E19A13E406E4}.Debug|Any CPU.Build.0 = Debug|Any CPU
		{14A78519-7256-4F0B-9328-E19A13E406E4}.Release|Any CPU.ActiveCfg = Release|Any CPU
		{14A78519-7256-4F0B-9328-E19A13E406E4}.Release|Any CPU.Build.0 = Release|Any CPU
		{419509E9-538D-45AB-ABC7-FFF6B27C1B9D}.Debug|Any CPU.ActiveCfg = Debug|Any CPU
		{419509E9-538D-45AB-ABC7-FFF6B27C1B9D}.Debug|Any CPU.Build.0 = Debug|Any CPU
		{419509E9-538D-45AB-ABC7-FFF6B27C1B9D}.Release|Any CPU.ActiveCfg = Release|Any CPU
		{419509E9-538D-45AB-ABC7-FFF6B27C1B9D}.Release|Any CPU.Build.0 = Release|Any CPU
		{0D8FCBC5-7A37-4E74-81D8-ECDCAADD4B49}.Debug|Any CPU.ActiveCfg = Debug|Any CPU
		{0D8FCBC5-7A37-4E74-81D8-ECDCAADD4B49}.Debug|Any CPU.Build.0 = Debug|Any CPU
		{0D8FCBC5-7A37-4E74-81D8-ECDCAADD4B49}.Release|Any CPU.ActiveCfg = Release|Any CPU
		{0D8FCBC5-7A37-4E74-81D8-ECDCAADD4B49}.Release|Any CPU.Build.0 = Release|Any CPU
		{B28F7B55-272F-44D9-A033-6B88AD68E263}.Debug|Any CPU.ActiveCfg = Debug|Any CPU
		{B28F7B55-272F-44D9-A033-6B88AD68E263}.Debug|Any CPU.Build.0 = Debug|Any CPU
		{B28F7B55-272F-44D9-A033-6B88AD68E263}.Release|Any CPU.ActiveCfg = Release|Any CPU
		{B28F7B55-272F-44D9-A033-6B88AD68E263}.Release|Any CPU.Build.0 = Release|Any CPU
		{3BD41354-D1C9-4B36-9D29-DB1A95297573}.Debug|Any CPU.ActiveCfg = Debug|Any CPU
		{3BD41354-D1C9-4B36-9D29-DB1A95297573}.Debug|Any CPU.Build.0 = Debug|Any CPU
		{3BD41354-D1C9-4B36-9D29-DB1A95297573}.Release|Any CPU.ActiveCfg = Release|Any CPU
		{3BD41354-D1C9-4B36-9D29-DB1A95297573}.Release|Any CPU.Build.0 = Release|Any CPU
		{2BA6BBCB-7758-4FEC-A28E-AC3ECF1973DF}.Debug|Any CPU.ActiveCfg = Debug|Any CPU
		{2BA6BBCB-7758-4FEC-A28E-AC3ECF1973DF}.Debug|Any CPU.Build.0 = Debug|Any CPU
		{2BA6BBCB-7758-4FEC-A28E-AC3ECF1973DF}.Release|Any CPU.ActiveCfg = Release|Any CPU
		{2BA6BBCB-7758-4FEC-A28E-AC3ECF1973DF}.Release|Any CPU.Build.0 = Release|Any CPU
		{DB8E684D-EFB1-2069-B197-6E5C205D6362}.Debug|Any CPU.ActiveCfg = Debug|Any CPU
		{DB8E684D-EFB1-2069-B197-6E5C205D6362}.Debug|Any CPU.Build.0 = Debug|Any CPU
		{DB8E684D-EFB1-2069-B197-6E5C205D6362}.Release|Any CPU.ActiveCfg = Release|Any CPU
		{DB8E684D-EFB1-2069-B197-6E5C205D6362}.Release|Any CPU.Build.0 = Release|Any CPU
	EndGlobalSection
	GlobalSection(SolutionProperties) = preSolution
		HideSolutionNode = FALSE
	EndGlobalSection
	GlobalSection(ExtensibilityGlobals) = postSolution
		SolutionGuid = {8DF4C0A3-5E0F-457C-9AB1-8F70C34DEEC4}
	EndGlobalSection
EndGlobal
